
Microsoft Visual Studio Solution File, Format Version 12.00
# Visual Studio 15
VisualStudioVersion = 15.0.27004.2008
MinimumVisualStudioVersion = 10.0.40219.1
Project("{FAE04EC0-301F-11D3-BF4B-00C04F79EFBC}") = "ProjectLog", "ProjectLog\ProjectLog.csproj", "{43F23634-37D5-4FFE-93B6-ECE30E9750B1}"
EndProject
Global
	GlobalSection(SolutionConfigurationPlatforms) = preSolution
		Debug|Any CPU = Debug|Any CPU
		Release|Any CPU = Release|Any CPU
	EndGlobalSection
	GlobalSection(ProjectConfigurationPlatforms) = postSolution
		{43F23634-37D5-4FFE-93B6-ECE30E9750B1}.Debug|Any CPU.ActiveCfg = Debug|Any CPU
		{43F23634-37D5-4FFE-93B6-ECE30E9750B1}.Debug|Any CPU.Build.0 = Debug|Any CPU
		{43F23634-37D5-4FFE-93B6-ECE30E9750B1}.Debug|Any CPU.Deploy.0 = Debug|Any CPU
		{43F23634-37D5-4FFE-93B6-ECE30E9750B1}.Release|Any CPU.ActiveCfg = Release|Any CPU
		{43F23634-37D5-4FFE-93B6-ECE30E9750B1}.Release|Any CPU.Build.0 = Release|Any CPU
		{43F23634-37D5-4FFE-93B6-ECE30E9750B1}.Release|Any CPU.Deploy.0 = Release|Any CPU
	EndGlobalSection
	GlobalSection(SolutionProperties) = preSolution
		HideSolutionNode = FALSE
	EndGlobalSection
	GlobalSection(ExtensibilityGlobals) = postSolution
		SolutionGuid = {47CE5D47-E5C2-424A-AD77-BDAB1EB86D11}
	EndGlobalSection
EndGlobal
